
Microsoft Visual Studio Solution File, Format Version 12.00
# Visual Studio Version 17
VisualStudioVersion = 17.0.32002.185
MinimumVisualStudioVersion = 10.0.40219.1
Project("{FAE04EC0-301F-11D3-BF4B-00C04F79EFBC}") = "CollectionWebApp", "CollectionWebApp.csproj", "{42AE9F4C-8624-4242-AD0A-4DA8C8C66C1D}"
EndProject
Global
	GlobalSection(SolutionConfigurationPlatforms) = preSolution
		Debug|Any CPU = Debug|Any CPU
		Release|Any CPU = Release|Any CPU
	EndGlobalSection
	GlobalSection(ProjectConfigurationPlatforms) = postSolution
		{42AE9F4C-8624-4242-AD0A-4DA8C8C66C1D}.Debug|Any CPU.ActiveCfg = Debug|Any CPU
		{42AE9F4C-8624-4242-AD0A-4DA8C8C66C1D}.Debug|Any CPU.Build.0 = Debug|Any CPU
		{42AE9F4C-8624-4242-AD0A-4DA8C8C66C1D}.Release|Any CPU.ActiveCfg = Release|Any CPU
		{42AE9F4C-8624-4242-AD0A-4DA8C8C66C1D}.Release|Any CPU.Build.0 = Release|Any CPU
	EndGlobalSection
	GlobalSection(SolutionProperties) = preSolution
		HideSolutionNode = FALSE
	EndGlobalSection
	GlobalSection(ExtensibilityGlobals) = postSolution
		SolutionGuid = {79A14129-3279-4F30-88EB-C5954A587723}
	EndGlobalSection
EndGlobal
